// !$*UTF8*$!
{
	archiveVersion = 1;
	classes = {
	};
	objectVersion = 56;
	objects = {

/* Begin PBXBuildFile section */
		3F16E185291CB0B000CC9898 /* AppDelegate.swift in Sources */ = {isa = PBXBuildFile; fileRef = 3F16E184291CB0B000CC9898 /* AppDelegate.swift */; };
		3F16E187291CB0B000CC9898 /* SceneDelegate.swift in Sources */ = {isa = PBXBuildFile; fileRef = 3F16E186291CB0B000CC9898 /* SceneDelegate.swift */; };
		3F16E189291CB0B000CC9898 /* ViewController.swift in Sources */ = {isa = PBXBuildFile; fileRef = 3F16E188291CB0B000CC9898 /* ViewController.swift */; };
		3F16E18C291CB0B000CC9898 /* Main.storyboard in Resources */ = {isa = PBXBuildFile; fileRef = 3F16E18A291CB0B000CC9898 /* Main.storyboard */; };
		3F16E18E291CB0B100CC9898 /* Assets.xcassets in Resources */ = {isa = PBXBuildFile; fileRef = 3F16E18D291CB0B100CC9898 /* Assets.xcassets */; };
		3F16E191291CB0B100CC9898 /* LaunchScreen.storyboard in Resources */ = {isa = PBXBuildFile; fileRef = 3F16E18F291CB0B100CC9898 /* LaunchScreen.storyboard */; };
		3F16E199291D691600CC9898 /* TodoStruct.swift in Sources */ = {isa = PBXBuildFile; fileRef = 3F16E198291D691600CC9898 /* TodoStruct.swift */; };
		3F16E19B291DB6CB00CC9898 /* MarkAsDoneTableViewCell.swift in Sources */ = {isa = PBXBuildFile; fileRef = 3F16E19A291DB6CB00CC9898 /* MarkAsDoneTableViewCell.swift */; };
		3F16E19D291DFCBB00CC9898 /* EditTaskViewController.swift in Sources */ = {isa = PBXBuildFile; fileRef = 3F16E19C291DFCBB00CC9898 /* EditTaskViewController.swift */; };
		3F937B6229314F9000F4892C /* GoogleService-Info.plist in Resources */ = {isa = PBXBuildFile; fileRef = 3F937B6129314F9000F4892C /* GoogleService-Info.plist */; };
		3F937B652931573700F4892C /* FirebaseDatabase in Frameworks */ = {isa = PBXBuildFile; productRef = 3F937B642931573700F4892C /* FirebaseDatabase */; };
		3F937B672931573700F4892C /* FirebaseFunctions in Frameworks */ = {isa = PBXBuildFile; productRef = 3F937B662931573700F4892C /* FirebaseFunctions */; };
		3F937B692931573700F4892C /* FirebaseStorage in Frameworks */ = {isa = PBXBuildFile; productRef = 3F937B682931573700F4892C /* FirebaseStorage */; };
		3F9AA33B292ECE89005E2DEB /* TaskViewController.swift in Sources */ = {isa = PBXBuildFile; fileRef = 3F9AA33A292ECE89005E2DEB /* TaskViewController.swift */; };
/* End PBXBuildFile section */

/* Begin PBXFileReference section */
		3F16E181291CB0B000CC9898 /* Todo.app */ = {isa = PBXFileReference; explicitFileType = wrapper.application; includeInIndex = 0; path = Todo.app; sourceTree = BUILT_PRODUCTS_DIR; };
		3F16E184291CB0B000CC9898 /* AppDelegate.swift */ = {isa = PBXFileReference; lastKnownFileType = sourcecode.swift; path = AppDelegate.swift; sourceTree = "<group>"; };
		3F16E186291CB0B000CC9898 /* SceneDelegate.swift */ = {isa = PBXFileReference; lastKnownFileType = sourcecode.swift; path = SceneDelegate.swift; sourceTree = "<group>"; };
		3F16E188291CB0B000CC9898 /* ViewController.swift */ = {isa = PBXFileReference; lastKnownFileType = sourcecode.swift; path = ViewController.swift; sourceTree = "<group>"; };
		3F16E18B291CB0B000CC9898 /* Base */ = {isa = PBXFileReference; lastKnownFileType = file.storyboard; name = Base; path = Base.lproj/Main.storyboard; sourceTree = "<group>"; };
		3F16E18D291CB0B100CC9898 /* Assets.xcassets */ = {isa = PBXFileReference; lastKnownFileType = folder.assetcatalog; path = Assets.xcassets; sourceTree = "<group>"; };
		3F16E190291CB0B100CC9898 /* Base */ = {isa = PBXFileReference; lastKnownFileType = file.storyboard; name = Base; path = Base.lproj/LaunchScreen.storyboard; sourceTree = "<group>"; };
		3F16E192291CB0B100CC9898 /* Info.plist */ = {isa = PBXFileReference; lastKnownFileType = text.plist.xml; path = Info.plist; sourceTree = "<group>"; };
		3F16E198291D691600CC9898 /* TodoStruct.swift */ = {isa = PBXFileReference; lastKnownFileType = sourcecode.swift; path = TodoStruct.swift; sourceTree = "<group>"; };
		3F16E19A291DB6CB00CC9898 /* MarkAsDoneTableViewCell.swift */ = {isa = PBXFileReference; lastKnownFileType = sourcecode.swift; path = MarkAsDoneTableViewCell.swift; sourceTree = "<group>"; };
		3F16E19C291DFCBB00CC9898 /* EditTaskViewController.swift */ = {isa = PBXFileReference; lastKnownFileType = sourcecode.swift; path = EditTaskViewController.swift; sourceTree = "<group>"; };
		3F937B6129314F9000F4892C /* GoogleService-Info.plist */ = {isa = PBXFileReference; fileEncoding = 4; lastKnownFileType = text.plist.xml; path = "GoogleService-Info.plist"; sourceTree = "<group>"; };
		3F9AA33A292ECE89005E2DEB /* TaskViewController.swift */ = {isa = PBXFileReference; lastKnownFileType = sourcecode.swift; path = TaskViewController.swift; sourceTree = "<group>"; };
/* End PBXFileReference section */

/* Begin PBXFrameworksBuildPhase section */
		3F16E17E291CB0B000CC9898 /* Frameworks */ = {
			isa = PBXFrameworksBuildPhase;
			buildActionMask = 2147483647;
			files = (
				3F937B652931573700F4892C /* FirebaseDatabase in Frameworks */,
				3F937B672931573700F4892C /* FirebaseFunctions in Frameworks */,
				3F937B692931573700F4892C /* FirebaseStorage in Frameworks */,
			);
			runOnlyForDeploymentPostprocessing = 0;
		};
/* End PBXFrameworksBuildPhase section */

/* Begin PBXGroup section */
		3F16E178291CB0B000CC9898 = {
			isa = PBXGroup;
			children = (
				3F16E183291CB0B000CC9898 /* Todo */,
				3F16E182291CB0B000CC9898 /* Products */,
			);
			sourceTree = "<group>";
		};
		3F16E182291CB0B000CC9898 /* Products */ = {
			isa = PBXGroup;
			children = (
				3F16E181291CB0B000CC9898 /* Todo.app */,
			);
			name = Products;
			sourceTree = "<group>";
		};
		3F16E183291CB0B000CC9898 /* Todo */ = {
			isa = PBXGroup;
			children = (
				3F16E184291CB0B000CC9898 /* AppDelegate.swift */,
				3F16E186291CB0B000CC9898 /* SceneDelegate.swift */,
				3F16E188291CB0B000CC9898 /* ViewController.swift */,
				3F9AA33A292ECE89005E2DEB /* TaskViewController.swift */,
				3F16E198291D691600CC9898 /* TodoStruct.swift */,
				3F16E19A291DB6CB00CC9898 /* MarkAsDoneTableViewCell.swift */,
				3F16E19C291DFCBB00CC9898 /* EditTaskViewController.swift */,
				3F16E18A291CB0B000CC9898 /* Main.storyboard */,
				3F16E18D291CB0B100CC9898 /* Assets.xcassets */,
				3F16E18F291CB0B100CC9898 /* LaunchScreen.storyboard */,
				3F16E192291CB0B100CC9898 /* Info.plist */,
				3F937B6129314F9000F4892C /* GoogleService-Info.plist */,
			);
			path = Todo;
			sourceTree = "<group>";
		};
/* End PBXGroup section */

/* Begin PBXNativeTarget section */
		3F16E180291CB0B000CC9898 /* Todo */ = {
			isa = PBXNativeTarget;
			buildConfigurationList = 3F16E195291CB0B100CC9898 /* Build configuration list for PBXNativeTarget "Todo" */;
			buildPhases = (
				3F16E17D291CB0B000CC9898 /* Sources */,
				3F16E17E291CB0B000CC9898 /* Frameworks */,
				3F16E17F291CB0B000CC9898 /* Resources */,
			);
			buildRules = (
			);
			dependencies = (
			);
			name = Todo;
			packageProductDependencies = (
				3F937B642931573700F4892C /* FirebaseDatabase */,
				3F937B662931573700F4892C /* FirebaseFunctions */,
				3F937B682931573700F4892C /* FirebaseStorage */,
			);
			productName = Todo;
			productReference = 3F16E181291CB0B000CC9898 /* Todo.app */;
			productType = "com.apple.product-type.application";
		};
/* End PBXNativeTarget section */

/* Begin PBXProject section */
		3F16E179291CB0B000CC9898 /* Project object */ = {
			isa = PBXProject;
			attributes = {
				BuildIndependentTargetsInParallel = 1;
				LastSwiftUpdateCheck = 1410;
				LastUpgradeCheck = 1410;
				TargetAttributes = {
					3F16E180291CB0B000CC9898 = {
						CreatedOnToolsVersion = 14.1;
					};
				};
			};
			buildConfigurationList = 3F16E17C291CB0B000CC9898 /* Build configuration list for PBXProject "Todo" */;
			compatibilityVersion = "Xcode 14.0";
			developmentRegion = en;
			hasScannedForEncodings = 0;
			knownRegions = (
				en,
				Base,
			);
			mainGroup = 3F16E178291CB0B000CC9898;
			packageReferences = (
				3F937B632931573700F4892C /* XCRemoteSwiftPackageReference "firebase-ios-sdk" */,
			);
			productRefGroup = 3F16E182291CB0B000CC9898 /* Products */;
			projectDirPath = "";
			projectRoot = "";
			targets = (
				3F16E180291CB0B000CC9898 /* Todo */,
			);
		};
/* End PBXProject section */

/* Begin PBXResourcesBuildPhase section */
		3F16E17F291CB0B000CC9898 /* Resources */ = {
			isa = PBXResourcesBuildPhase;
			buildActionMask = 2147483647;
			files = (
				3F16E191291CB0B100CC9898 /* LaunchScreen.storyboard in Resources */,
				3F937B6229314F9000F4892C /* GoogleService-Info.plist in Resources */,
				3F16E18E291CB0B100CC9898 /* Assets.xcassets in Resources */,
				3F16E18C291CB0B000CC9898 /* Main.storyboard in Resources */,
			);
			runOnlyForDeploymentPostprocessing = 0;
		};
/* End PBXResourcesBuildPhase section */

/* Begin PBXSourcesBuildPhase section */
		3F16E17D291CB0B000CC9898 /* Sources */ = {
			isa = PBXSourcesBuildPhase;
			buildActionMask = 2147483647;
			files = (
				3F16E189291CB0B000CC9898 /* ViewController.swift in Sources */,
				3F9AA33B292ECE89005E2DEB /* TaskViewController.swift in Sources */,
				3F16E19D291DFCBB00CC9898 /* EditTaskViewController.swift in Sources */,
				3F16E19B291DB6CB00CC9898 /* MarkAsDoneTableViewCell.swift in Sources */,
				3F16E185291CB0B000CC9898 /* AppDelegate.swift in Sources */,
				3F16E199291D691600CC9898 /* TodoStruct.swift in Sources */,
				3F16E187291CB0B000CC9898 /* SceneDelegate.swift in Sources */,
			);
			runOnlyForDeploymentPostprocessing = 0;
		};
/* End PBXSourcesBuildPhase section */

/* Begin PBXVariantGroup section */
		3F16E18A291CB0B000CC9898 /* Main.storyboard */ = {
			isa = PBXVariantGroup;
			children = (
				3F16E18B291CB0B000CC9898 /* Base */,
			);
			name = Main.storyboard;
			sourceTree = "<group>";
		};
		3F16E18F291CB0B100CC9898 /* LaunchScreen.storyboard */ = {
			isa = PBXVariantGroup;
			children = (
				3F16E190291CB0B100CC9898 /* Base */,
			);
			name = LaunchScreen.storyboard;
			sourceTree = "<group>";
		};
/* End PBXVariantGroup section */

/* Begin XCBuildConfiguration section */
		3F16E193291CB0B100CC9898 /* Debug */ = {
			isa = XCBuildConfiguration;
			buildSettings = {
				ALWAYS_SEARCH_USER_PATHS = NO;
				CLANG_ANALYZER_NONNULL = YES;
				CLANG_ANALYZER_NUMBER_OBJECT_CONVERSION = YES_AGGRESSIVE;
				CLANG_CXX_LANGUAGE_STANDARD = "gnu++20";
				CLANG_ENABLE_MODULES = YES;
				CLANG_ENABLE_OBJC_ARC = YES;
				CLANG_ENABLE_OBJC_WEAK = YES;
				CLANG_WARN_BLOCK_CAPTURE_AUTORELEASING = YES;
				CLANG_WARN_BOOL_CONVERSION = YES;
				CLANG_WARN_COMMA = YES;
				CLANG_WARN_CONSTANT_CONVERSION = YES;
				CLANG_WARN_DEPRECATED_OBJC_IMPLEMENTATIONS = YES;
				CLANG_WARN_DIRECT_OBJC_ISA_USAGE = YES_ERROR;
				CLANG_WARN_DOCUMENTATION_COMMENTS = YES;
				CLANG_WARN_EMPTY_BODY = YES;
				CLANG_WARN_ENUM_CONVERSION = YES;
				CLANG_WARN_INFINITE_RECURSION = YES;
				CLANG_WARN_INT_CONVERSION = YES;
				CLANG_WARN_NON_LITERAL_NULL_CONVERSION = YES;
				CLANG_WARN_OBJC_IMPLICIT_RETAIN_SELF = YES;
				CLANG_WARN_OBJC_LITERAL_CONVERSION = YES;
				CLANG_WARN_OBJC_ROOT_CLASS = YES_ERROR;
				CLANG_WARN_QUOTED_INCLUDE_IN_FRAMEWORK_HEADER = YES;
				CLANG_WARN_RANGE_LOOP_ANALYSIS = YES;
				CLANG_WARN_STRICT_PROTOTYPES = YES;
				CLANG_WARN_SUSPICIOUS_MOVE = YES;
				CLANG_WARN_UNGUARDED_AVAILABILITY = YES_AGGRESSIVE;
				CLANG_WARN_UNREACHABLE_CODE = YES;
				CLANG_WARN__DUPLICATE_METHOD_MATCH = YES;
				COPY_PHASE_STRIP = NO;
				DEBUG_INFORMATION_FORMAT = dwarf;
				ENABLE_STRICT_OBJC_MSGSEND = YES;
				ENABLE_TESTABILITY = YES;
				GCC_C_LANGUAGE_STANDARD = gnu11;
				GCC_DYNAMIC_NO_PIC = NO;
				GCC_NO_COMMON_BLOCKS = YES;
				GCC_OPTIMIZATION_LEVEL = 0;
				GCC_PREPROCESSOR_DEFINITIONS = (
					"DEBUG=1",
					"$(inherited)",
				);
				GCC_WARN_64_TO_32_BIT_CONVERSION = YES;
				GCC_WARN_ABOUT_RETURN_TYPE = YES_ERROR;
				GCC_WARN_UNDECLARED_SELECTOR = YES;
				GCC_WARN_UNINITIALIZED_AUTOS = YES_AGGRESSIVE;
				GCC_WARN_UNUSED_FUNCTION = YES;
				GCC_WARN_UNUSED_VARIABLE = YES;
				IPHONEOS_DEPLOYMENT_TARGET = 16.1;
				MTL_ENABLE_DEBUG_INFO = INCLUDE_SOURCE;
				MTL_FAST_MATH = YES;
				ONLY_ACTIVE_ARCH = YES;
				SDKROOT = iphoneos;
				SWIFT_ACTIVE_COMPILATION_CONDITIONS = DEBUG;
				SWIFT_OPTIMIZATION_LEVEL = "-Onone";
			};
			name = Debug;
		};
		3F16E194291CB0B100CC9898 /* Release */ = {
			isa = XCBuildConfiguration;
			buildSettings = {
				ALWAYS_SEARCH_USER_PATHS = NO;
				CLANG_ANALYZER_NONNULL = YES;
				CLANG_ANALYZER_NUMBER_OBJECT_CONVERSION = YES_AGGRESSIVE;
				CLANG_CXX_LANGUAGE_STANDARD = "gnu++20";
				CLANG_ENABLE_MODULES = YES;
				CLANG_ENABLE_OBJC_ARC = YES;
				CLANG_ENABLE_OBJC_WEAK = YES;
				CLANG_WARN_BLOCK_CAPTURE_AUTORELEASING = YES;
				CLANG_WARN_BOOL_CONVERSION = YES;
				CLANG_WARN_COMMA = YES;
				CLANG_WARN_CONSTANT_CONVERSION = YES;
				CLANG_WARN_DEPRECATED_OBJC_IMPLEMENTATIONS = YES;
				CLANG_WARN_DIRECT_OBJC_ISA_USAGE = YES_ERROR;
				CLANG_WARN_DOCUMENTATION_COMMENTS = YES;
				CLANG_WARN_EMPTY_BODY = YES;
				CLANG_WARN_ENUM_CONVERSION = YES;
				CLANG_WARN_INFINITE_RECURSION = YES;
				CLANG_WARN_INT_CONVERSION = YES;
				CLANG_WARN_NON_LITERAL_NULL_CONVERSION = YES;
				CLANG_WARN_OBJC_IMPLICIT_RETAIN_SELF = YES;
				CLANG_WARN_OBJC_LITERAL_CONVERSION = YES;
				CLANG_WARN_OBJC_ROOT_CLASS = YES_ERROR;
				CLANG_WARN_QUOTED_INCLUDE_IN_FRAMEWORK_HEADER = YES;
				CLANG_WARN_RANGE_LOOP_ANALYSIS = YES;
				CLANG_WARN_STRICT_PROTOTYPES = YES;
				CLANG_WARN_SUSPICIOUS_MOVE = YES;
				CLANG_WARN_UNGUARDED_AVAILABILITY = YES_AGGRESSIVE;
				CLANG_WARN_UNREACHABLE_CODE = YES;
				CLANG_WARN__DUPLICATE_METHOD_MATCH = YES;
				COPY_PHASE_STRIP = NO;
				DEBUG_INFORMATION_FORMAT = "dwarf-with-dsym";
				ENABLE_NS_ASSERTIONS = NO;
				ENABLE_STRICT_OBJC_MSGSEND = YES;
				GCC_C_LANGUAGE_STANDARD = gnu11;
				GCC_NO_COMMON_BLOCKS = YES;
				GCC_WARN_64_TO_32_BIT_CONVERSION = YES;
				GCC_WARN_ABOUT_RETURN_TYPE = YES_ERROR;
				GCC_WARN_UNDECLARED_SELECTOR = YES;
				GCC_WARN_UNINITIALIZED_AUTOS = YES_AGGRESSIVE;
				GCC_WARN_UNUSED_FUNCTION = YES;
				GCC_WARN_UNUSED_VARIABLE = YES;
				IPHONEOS_DEPLOYMENT_TARGET = 16.1;
				MTL_ENABLE_DEBUG_INFO = NO;
				MTL_FAST_MATH = YES;
				SDKROOT = iphoneos;
				SWIFT_COMPILATION_MODE = wholemodule;
				SWIFT_OPTIMIZATION_LEVEL = "-O";
				VALIDATE_PRODUCT = YES;
			};
			name = Release;
		};
		3F16E196291CB0B100CC9898 /* Debug */ = {
			isa = XCBuildConfiguration;
			buildSettings = {
				ASSETCATALOG_COMPILER_APPICON_NAME = AppIcon;
				ASSETCATALOG_COMPILER_GLOBAL_ACCENT_COLOR_NAME = AccentColor;
				CODE_SIGN_STYLE = Automatic;
				CURRENT_PROJECT_VERSION = 1;
				DEVELOPMENT_TEAM = D7H83B7QHR;
				GENERATE_INFOPLIST_FILE = YES;
				INFOPLIST_FILE = Todo/Info.plist;
				INFOPLIST_KEY_UIApplicationSupportsIndirectInputEvents = YES;
				INFOPLIST_KEY_UILaunchStoryboardName = LaunchScreen;
				INFOPLIST_KEY_UIMainStoryboardFile = Main;
				INFOPLIST_KEY_UISupportedInterfaceOrientations_iPad = "UIInterfaceOrientationPortrait UIInterfaceOrientationPortraitUpsideDown UIInterfaceOrientationLandscapeLeft UIInterfaceOrientationLandscapeRight";
				INFOPLIST_KEY_UISupportedInterfaceOrientations_iPhone = "UIInterfaceOrientationPortrait UIInterfaceOrientationLandscapeLeft UIInterfaceOrientationLandscapeRight";
				LD_RUNPATH_SEARCH_PATHS = (
					"$(inherited)",
					"@executable_path/Frameworks",
				);
				MARKETING_VERSION = 1.0;
				PRODUCT_BUNDLE_IDENTIFIER = ca.centennialcollege.Todo;
				PRODUCT_NAME = "$(TARGET_NAME)";
				SWIFT_EMIT_LOC_STRINGS = YES;
				SWIFT_VERSION = 5.0;
				TARGETED_DEVICE_FAMILY = "1,2";
			};
			name = Debug;
		};
		3F16E197291CB0B100CC9898 /* Release */ = {
			isa = XCBuildConfiguration;
			buildSettings = {
				ASSETCATALOG_COMPILER_APPICON_NAME = AppIcon;
				ASSETCATALOG_COMPILER_GLOBAL_ACCENT_COLOR_NAME = AccentColor;
				CODE_SIGN_STYLE = Automatic;
				CURRENT_PROJECT_VERSION = 1;
				DEVELOPMENT_TEAM = D7H83B7QHR;
				GENERATE_INFOPLIST_FILE = YES;
				INFOPLIST_FILE = Todo/Info.plist;
				INFOPLIST_KEY_UIApplicationSupportsIndirectInputEvents = YES;
				INFOPLIST_KEY_UILaunchStoryboardName = LaunchScreen;
				INFOPLIST_KEY_UIMainStoryboardFile = Main;
				INFOPLIST_KEY_UISupportedInterfaceOrientations_iPad = "UIInterfaceOrientationPortrait UIInterfaceOrientationPortraitUpsideDown UIInterfaceOrientationLandscapeLeft UIInterfaceOrientationLandscapeRight";
				INFOPLIST_KEY_UISupportedInterfaceOrientations_iPhone = "UIInterfaceOrientationPortrait UIInterfaceOrientationLandscapeLeft UIInterfaceOrientationLandscapeRight";
				LD_RUNPATH_SEARCH_PATHS = (
					"$(inherited)",
					"@executable_path/Frameworks",
				);
				MARKETING_VERSION = 1.0;
				PRODUCT_BUNDLE_IDENTIFIER = ca.centennialcollege.Todo;
				PRODUCT_NAME = "$(TARGET_NAME)";
				SWIFT_EMIT_LOC_STRINGS = YES;
				SWIFT_VERSION = 5.0;
				TARGETED_DEVICE_FAMILY = "1,2";
			};
			name = Release;
		};
/* End XCBuildConfiguration section */

/* Begin XCConfigurationList section */
		3F16E17C291CB0B000CC9898 /* Build configuration list for PBXProject "Todo" */ = {
			isa = XCConfigurationList;
			buildConfigurations = (
				3F16E193291CB0B100CC9898 /* Debug */,
				3F16E194291CB0B100CC9898 /* Release */,
			);
			defaultConfigurationIsVisible = 0;
			defaultConfigurationName = Release;
		};
		3F16E195291CB0B100CC9898 /* Build configuration list for PBXNativeTarget "Todo" */ = {
			isa = XCConfigurationList;
			buildConfigurations = (
				3F16E196291CB0B100CC9898 /* Debug */,
				3F16E197291CB0B100CC9898 /* Release */,
			);
			defaultConfigurationIsVisible = 0;
			defaultConfigurationName = Release;
		};
/* End XCConfigurationList section */

/* Begin XCRemoteSwiftPackageReference section */
		3F937B632931573700F4892C /* XCRemoteSwiftPackageReference "firebase-ios-sdk" */ = {
			isa = XCRemoteSwiftPackageReference;
			repositoryURL = "https://github.com/firebase/firebase-ios-sdk";
			requirement = {
				branch = master;
				kind = branch;
			};
		};
/* End XCRemoteSwiftPackageReference section */

/* Begin XCSwiftPackageProductDependency section */
		3F937B642931573700F4892C /* FirebaseDatabase */ = {
			isa = XCSwiftPackageProductDependency;
			package = 3F937B632931573700F4892C /* XCRemoteSwiftPackageReference "firebase-ios-sdk" */;
			productName = FirebaseDatabase;
		};
		3F937B662931573700F4892C /* FirebaseFunctions */ = {
			isa = XCSwiftPackageProductDependency;
			package = 3F937B632931573700F4892C /* XCRemoteSwiftPackageReference "firebase-ios-sdk" */;
			productName = FirebaseFunctions;
		};
		3F937B682931573700F4892C /* FirebaseStorage */ = {
			isa = XCSwiftPackageProductDependency;
			package = 3F937B632931573700F4892C /* XCRemoteSwiftPackageReference "firebase-ios-sdk" */;
			productName = FirebaseStorage;
		};
/* End XCSwiftPackageProductDependency section */
	};
	rootObject = 3F16E179291CB0B000CC9898 /* Project object */;
}
